
Microsoft Visual Studio Solution File, Format Version 12.00
# Visual Studio Version 17
VisualStudioVersion = 17.5.002.0
MinimumVisualStudioVersion = 10.0.40219.1
Project("{9A19103F-16F7-4668-BE54-9A1E7A4F7556}") = "DT071G-MOVI2300-MOMENT3", "DT071G-MOVI2300-MOMENT3.csproj", "{237ED1BE-E91C-4FA4-8118-C7BCF236E844}"
EndProject
Global
	GlobalSection(SolutionConfigurationPlatforms) = preSolution
		Debug|Any CPU = Debug|Any CPU
		Release|Any CPU = Release|Any CPU
	EndGlobalSection
	GlobalSection(ProjectConfigurationPlatforms) = postSolution
		{237ED1BE-E91C-4FA4-8118-C7BCF236E844}.Debug|Any CPU.ActiveCfg = Debug|Any CPU
		{237ED1BE-E91C-4FA4-8118-C7BCF236E844}.Debug|Any CPU.Build.0 = Debug|Any CPU
		{237ED1BE-E91C-4FA4-8118-C7BCF236E844}.Release|Any CPU.ActiveCfg = Release|Any CPU
		{237ED1BE-E91C-4FA4-8118-C7BCF236E844}.Release|Any CPU.Build.0 = Release|Any CPU
	EndGlobalSection
	GlobalSection(SolutionProperties) = preSolution
		HideSolutionNode = FALSE
	EndGlobalSection
	GlobalSection(ExtensibilityGlobals) = postSolution
		SolutionGuid = {427547D4-EFB7-4982-9555-0E41966646AD}
	EndGlobalSection
EndGlobal
